
Microsoft Visual Studio Solution File, Format Version 12.00
# Visual Studio Version 17
VisualStudioVersion = 17.14.37710.0 d17.14
MinimumVisualStudioVersion = 10.0.40219.1
Project("{FAE04EC0-301F-11D3-BF4B-00C04F79EFBC}") = "varibleExmple", "varibleExmple\varibleExmple.csproj", "{6EE56FA5-5F56-4512-94D0-94AB7C9E13BA}"
EndProject
Global
	GlobalSection(SolutionConfigurationPlatforms) = preSolution
		Debug|Any CPU = Debug|Any CPU
		Release|Any CPU = Release|Any CPU
	EndGlobalSection
	GlobalSection(ProjectConfigurationPlatforms) = postSolution
		{6EE56FA5-5F56-4512-94D0-94AB7C9E13BA}.Debug|Any CPU.ActiveCfg = Debug|Any CPU
		{6EE56FA5-5F56-4512-94D0-94AB7C9E13BA}.Debug|Any CPU.Build.0 = Debug|Any CPU
		{6EE56FA5-5F56-4512-94D0-94AB7C9E13BA}.Release|Any CPU.ActiveCfg = Release|Any CPU
		{6EE56FA5-5F56-4512-94D0-94AB7C9E13BA}.Release|Any CPU.Build.0 = Release|Any CPU
	EndGlobalSection
	GlobalSection(SolutionProperties) = preSolution
		HideSolutionNode = FALSE
	EndGlobalSection
	GlobalSection(ExtensibilityGlobals) = postSolution
		SolutionGuid = {079264BB-7ACC-4DC7-9E21-122454512E8A}
	EndGlobalSection
EndGlobal
